
Microsoft Visual Studio Solution File, Format Version 12.00
# Visual Studio Version 17
VisualStudioVersion = 17.1.32328.378
MinimumVisualStudioVersion = 10.0.40219.1
Project("{FAE04EC0-301F-11D3-BF4B-00C04F79EFBC}") = "VismaTask", "VismaTask\VismaTask.csproj", "{9329E9BF-50E1-4C5C-9F5F-EE032A59B289}"
EndProject
Project("{FAE04EC0-301F-11D3-BF4B-00C04F79EFBC}") = "VismaTaskTest", "VismaTaskTest\VismaTaskTest.csproj", "{8862ED44-CB2E-45D9-BD54-7E9E9E8EC7C7}"
EndProject
Global
	GlobalSection(SolutionConfigurationPlatforms) = preSolution
		Debug|Any CPU = Debug|Any CPU
		Release|Any CPU = Release|Any CPU
	EndGlobalSection
	GlobalSection(ProjectConfigurationPlatforms) = postSolution
		{9329E9BF-50E1-4C5C-9F5F-EE032A59B289}.Debug|Any CPU.ActiveCfg = Debug|Any CPU
		{9329E9BF-50E1-4C5C-9F5F-EE032A59B289}.Debug|Any CPU.Build.0 = Debug|Any CPU
		{9329E9BF-50E1-4C5C-9F5F-EE032A59B289}.Release|Any CPU.ActiveCfg = Release|Any CPU
		{9329E9BF-50E1-4C5C-9F5F-EE032A59B289}.Release|Any CPU.Build.0 = Release|Any CPU
		{8862ED44-CB2E-45D9-BD54-7E9E9E8EC7C7}.Debug|Any CPU.ActiveCfg = Debug|Any CPU
		{8862ED44-CB2E-45D9-BD54-7E9E9E8EC7C7}.Debug|Any CPU.Build.0 = Debug|Any CPU
		{8862ED44-CB2E-45D9-BD54-7E9E9E8EC7C7}.Release|Any CPU.ActiveCfg = Release|Any CPU
		{8862ED44-CB2E-45D9-BD54-7E9E9E8EC7C7}.Release|Any CPU.Build.0 = Release|Any CPU
	EndGlobalSection
	GlobalSection(SolutionProperties) = preSolution
		HideSolutionNode = FALSE
	EndGlobalSection
	GlobalSection(ExtensibilityGlobals) = postSolution
		SolutionGuid = {8AAD4E1B-50FF-4440-A4C8-0E6C25D95DC5}
	EndGlobalSection
EndGlobal
